// !$*UTF8*$!
{
	archiveVersion = 1;
	classes = {
	};
	objectVersion = 50;
	objects = {

/* Begin PBXBuildFile section */
		984CD2A9215B30E000D2C417 /* AppDelegate.swift in Sources */ = {isa = PBXBuildFile; fileRef = 984CD2A8215B30E000D2C417 /* AppDelegate.swift */; };
		984CD2AB215B30E000D2C417 /* MainViewController.swift in Sources */ = {isa = PBXBuildFile; fileRef = 984CD2AA215B30E000D2C417 /* MainViewController.swift */; };
		984CD2AE215B30E000D2C417 /* Main.storyboard in Resources */ = {isa = PBXBuildFile; fileRef = 984CD2AC215B30E000D2C417 /* Main.storyboard */; };
		984CD2B0215B30E100D2C417 /* Assets.xcassets in Resources */ = {isa = PBXBuildFile; fileRef = 984CD2AF215B30E100D2C417 /* Assets.xcassets */; };
		984CD2B3215B30E100D2C417 /* LaunchScreen.storyboard in Resources */ = {isa = PBXBuildFile; fileRef = 984CD2B1215B30E100D2C417 /* LaunchScreen.storyboard */; };
		984CD2BD215B790900D2C417 /* RxSwift.framework in Frameworks */ = {isa = PBXBuildFile; fileRef = 984CD2BC215B790900D2C417 /* RxSwift.framework */; };
		984CD2C0215B7E0600D2C417 /* MainViewModel.swift in Sources */ = {isa = PBXBuildFile; fileRef = 984CD2BF215B7E0600D2C417 /* MainViewModel.swift */; };
		984CD2C2215B7EAC00D2C417 /* Bindable.swift in Sources */ = {isa = PBXBuildFile; fileRef = 984CD2C1215B7EAC00D2C417 /* Bindable.swift */; };
		98A4F16B216B96A300892BBB /* Pairing.swift in Sources */ = {isa = PBXBuildFile; fileRef = 98A4F16A216B96A300892BBB /* Pairing.swift */; };
		98A7A0192167351100CDFD8D /* Extensions.swift in Sources */ = {isa = PBXBuildFile; fileRef = 98A7A0182167351100CDFD8D /* Extensions.swift */; };
		98A7A01C2167388100CDFD8D /* OptionViewController.swift in Sources */ = {isa = PBXBuildFile; fileRef = 98A7A01B2167388100CDFD8D /* OptionViewController.swift */; };
/* End PBXBuildFile section */

/* Begin PBXFileReference section */
		984CD2A5215B30E000D2C417 /* Walkytalky.app */ = {isa = PBXFileReference; explicitFileType = wrapper.application; includeInIndex = 0; path = Walkytalky.app; sourceTree = BUILT_PRODUCTS_DIR; };
		984CD2A8215B30E000D2C417 /* AppDelegate.swift */ = {isa = PBXFileReference; lastKnownFileType = sourcecode.swift; path = AppDelegate.swift; sourceTree = "<group>"; };
		984CD2AA215B30E000D2C417 /* MainViewController.swift */ = {isa = PBXFileReference; lastKnownFileType = sourcecode.swift; path = MainViewController.swift; sourceTree = "<group>"; };
		984CD2AD215B30E000D2C417 /* Base */ = {isa = PBXFileReference; lastKnownFileType = file.storyboard; name = Base; path = Base.lproj/Main.storyboard; sourceTree = "<group>"; };
		984CD2AF215B30E100D2C417 /* Assets.xcassets */ = {isa = PBXFileReference; lastKnownFileType = folder.assetcatalog; path = Assets.xcassets; sourceTree = "<group>"; };
		984CD2B2215B30E100D2C417 /* Base */ = {isa = PBXFileReference; lastKnownFileType = file.storyboard; name = Base; path = Base.lproj/LaunchScreen.storyboard; sourceTree = "<group>"; };
		984CD2B4215B30E100D2C417 /* Info.plist */ = {isa = PBXFileReference; lastKnownFileType = text.plist.xml; path = Info.plist; sourceTree = "<group>"; };
		984CD2BC215B790900D2C417 /* RxSwift.framework */ = {isa = PBXFileReference; lastKnownFileType = wrapper.framework; name = RxSwift.framework; path = Carthage/Build/iOS/RxSwift.framework; sourceTree = "<group>"; };
		984CD2BF215B7E0600D2C417 /* MainViewModel.swift */ = {isa = PBXFileReference; lastKnownFileType = sourcecode.swift; path = MainViewModel.swift; sourceTree = "<group>"; };
		984CD2C1215B7EAC00D2C417 /* Bindable.swift */ = {isa = PBXFileReference; lastKnownFileType = sourcecode.swift; path = Bindable.swift; sourceTree = "<group>"; };
		98A4F16A216B96A300892BBB /* Pairing.swift */ = {isa = PBXFileReference; lastKnownFileType = sourcecode.swift; path = Pairing.swift; sourceTree = "<group>"; };
		98A7A0182167351100CDFD8D /* Extensions.swift */ = {isa = PBXFileReference; lastKnownFileType = sourcecode.swift; path = Extensions.swift; sourceTree = "<group>"; };
		98A7A01B2167388100CDFD8D /* OptionViewController.swift */ = {isa = PBXFileReference; lastKnownFileType = sourcecode.swift; path = OptionViewController.swift; sourceTree = "<group>"; };
/* End PBXFileReference section */

/* Begin PBXFrameworksBuildPhase section */
		984CD2A2215B30E000D2C417 /* Frameworks */ = {
			isa = PBXFrameworksBuildPhase;
			buildActionMask = 2147483647;
			files = (
				984CD2BD215B790900D2C417 /* RxSwift.framework in Frameworks */,
			);
			runOnlyForDeploymentPostprocessing = 0;
		};
/* End PBXFrameworksBuildPhase section */

/* Begin PBXGroup section */
		984CD29C215B30E000D2C417 = {
			isa = PBXGroup;
			children = (
				984CD2A7215B30E000D2C417 /* Walkytalky */,
				984CD2A6215B30E000D2C417 /* Products */,
				984CD2BB215B790800D2C417 /* Frameworks */,
			);
			sourceTree = "<group>";
		};
		984CD2A6215B30E000D2C417 /* Products */ = {
			isa = PBXGroup;
			children = (
				984CD2A5215B30E000D2C417 /* Walkytalky.app */,
			);
			name = Products;
			sourceTree = "<group>";
		};
		984CD2A7215B30E000D2C417 /* Walkytalky */ = {
			isa = PBXGroup;
			children = (
				98A7A0182167351100CDFD8D /* Extensions.swift */,
				98A7A01A2167385700CDFD8D /* Option */,
				98A7A017216724F600CDFD8D /* ViewModel */,
				984CD2A8215B30E000D2C417 /* AppDelegate.swift */,
				984CD2AC215B30E000D2C417 /* Main.storyboard */,
				984CD2AA215B30E000D2C417 /* MainViewController.swift */,
				98A4F16A216B96A300892BBB /* Pairing.swift */,
				984CD2AF215B30E100D2C417 /* Assets.xcassets */,
				984CD2B1215B30E100D2C417 /* LaunchScreen.storyboard */,
				984CD2B4215B30E100D2C417 /* Info.plist */,
			);
			path = Walkytalky;
			sourceTree = "<group>";
		};
		984CD2BB215B790800D2C417 /* Frameworks */ = {
			isa = PBXGroup;
			children = (
				984CD2BC215B790900D2C417 /* RxSwift.framework */,
			);
			name = Frameworks;
			sourceTree = "<group>";
		};
		98A7A017216724F600CDFD8D /* ViewModel */ = {
			isa = PBXGroup;
			children = (
				984CD2BF215B7E0600D2C417 /* MainViewModel.swift */,
				984CD2C1215B7EAC00D2C417 /* Bindable.swift */,
			);
			path = ViewModel;
			sourceTree = "<group>";
		};
		98A7A01A2167385700CDFD8D /* Option */ = {
			isa = PBXGroup;
			children = (
				98A7A01B2167388100CDFD8D /* OptionViewController.swift */,
			);
			path = Option;
			sourceTree = "<group>";
		};
/* End PBXGroup section */

/* Begin PBXNativeTarget section */
		984CD2A4215B30E000D2C417 /* Walkytalky */ = {
			isa = PBXNativeTarget;
			buildConfigurationList = 984CD2B7215B30E100D2C417 /* Build configuration list for PBXNativeTarget "Walkytalky" */;
			buildPhases = (
				984CD2A1215B30E000D2C417 /* Sources */,
				984CD2A2215B30E000D2C417 /* Frameworks */,
				984CD2A3215B30E000D2C417 /* Resources */,
				984CD2BE215B79EB00D2C417 /* ShellScript */,
			);
			buildRules = (
			);
			dependencies = (
			);
			name = Walkytalky;
			productName = Walkytalky;
			productReference = 984CD2A5215B30E000D2C417 /* Walkytalky.app */;
			productType = "com.apple.product-type.application";
		};
/* End PBXNativeTarget section */

/* Begin PBXProject section */
		984CD29D215B30E000D2C417 /* Project object */ = {
			isa = PBXProject;
			attributes = {
				LastSwiftUpdateCheck = 1000;
				LastUpgradeCheck = 1000;
				ORGANIZATIONNAME = sutie;
				TargetAttributes = {
					984CD2A4215B30E000D2C417 = {
						CreatedOnToolsVersion = 10.0;
					};
				};
			};
			buildConfigurationList = 984CD2A0215B30E000D2C417 /* Build configuration list for PBXProject "Walkytalky" */;
			compatibilityVersion = "Xcode 9.3";
			developmentRegion = en;
			hasScannedForEncodings = 0;
			knownRegions = (
				en,
				Base,
			);
			mainGroup = 984CD29C215B30E000D2C417;
			productRefGroup = 984CD2A6215B30E000D2C417 /* Products */;
			projectDirPath = "";
			projectRoot = "";
			targets = (
				984CD2A4215B30E000D2C417 /* Walkytalky */,
			);
		};
/* End PBXProject section */

/* Begin PBXResourcesBuildPhase section */
		984CD2A3215B30E000D2C417 /* Resources */ = {
			isa = PBXResourcesBuildPhase;
			buildActionMask = 2147483647;
			files = (
				984CD2B3215B30E100D2C417 /* LaunchScreen.storyboard in Resources */,
				984CD2B0215B30E100D2C417 /* Assets.xcassets in Resources */,
				984CD2AE215B30E000D2C417 /* Main.storyboard in Resources */,
			);
			runOnlyForDeploymentPostprocessing = 0;
		};
/* End PBXResourcesBuildPhase section */

/* Begin PBXShellScriptBuildPhase section */
		984CD2BE215B79EB00D2C417 /* ShellScript */ = {
			isa = PBXShellScriptBuildPhase;
			buildActionMask = 2147483647;
			files = (
			);
			inputFileListPaths = (
			);
			inputPaths = (
				"$(SRCROOT)/Carthage/Build/iOS/RxSwift.framework",
				"$(SRCROOT)/Carthage/Build/iOS/RxGesture.framework",
				"$(SRCROOT)/Carthage/Build/iOS/RxCocoa.framework",
			);
			outputFileListPaths = (
			);
			outputPaths = (
			);
			runOnlyForDeploymentPostprocessing = 0;
			shellPath = /bin/sh;
			shellScript = "/usr/local/bin/carthage copy-frameworks\n";
		};
/* End PBXShellScriptBuildPhase section */

/* Begin PBXSourcesBuildPhase section */
		984CD2A1215B30E000D2C417 /* Sources */ = {
			isa = PBXSourcesBuildPhase;
			buildActionMask = 2147483647;
			files = (
				98A7A0192167351100CDFD8D /* Extensions.swift in Sources */,
				984CD2AB215B30E000D2C417 /* MainViewController.swift in Sources */,
				984CD2A9215B30E000D2C417 /* AppDelegate.swift in Sources */,
				984CD2C2215B7EAC00D2C417 /* Bindable.swift in Sources */,
				984CD2C0215B7E0600D2C417 /* MainViewModel.swift in Sources */,
				98A4F16B216B96A300892BBB /* Pairing.swift in Sources */,
				98A7A01C2167388100CDFD8D /* OptionViewController.swift in Sources */,
			);
			runOnlyForDeploymentPostprocessing = 0;
		};
/* End PBXSourcesBuildPhase section */

/* Begin PBXVariantGroup section */
		984CD2AC215B30E000D2C417 /* Main.storyboard */ = {
			isa = PBXVariantGroup;
			children = (
				984CD2AD215B30E000D2C417 /* Base */,
			);
			name = Main.storyboard;
			sourceTree = "<group>";
		};
		984CD2B1215B30E100D2C417 /* LaunchScreen.storyboard */ = {
			isa = PBXVariantGroup;
			children = (
				984CD2B2215B30E100D2C417 /* Base */,
			);
			name = LaunchScreen.storyboard;
			sourceTree = "<group>";
		};
/* End PBXVariantGroup section */

/* Begin XCBuildConfiguration section */
		984CD2B5215B30E100D2C417 /* Debug */ = {
			isa = XCBuildConfiguration;
			buildSettings = {
				ALWAYS_SEARCH_USER_PATHS = NO;
				CLANG_ANALYZER_NONNULL = YES;
				CLANG_ANALYZER_NUMBER_OBJECT_CONVERSION = YES_AGGRESSIVE;
				CLANG_CXX_LANGUAGE_STANDARD = "gnu++14";
				CLANG_CXX_LIBRARY = "libc++";
				CLANG_ENABLE_MODULES = YES;
				CLANG_ENABLE_OBJC_ARC = YES;
				CLANG_ENABLE_OBJC_WEAK = YES;
				CLANG_WARN_BLOCK_CAPTURE_AUTORELEASING = YES;
				CLANG_WARN_BOOL_CONVERSION = YES;
				CLANG_WARN_COMMA = YES;
				CLANG_WARN_CONSTANT_CONVERSION = YES;
				CLANG_WARN_DEPRECATED_OBJC_IMPLEMENTATIONS = YES;
				CLANG_WARN_DIRECT_OBJC_ISA_USAGE = YES_ERROR;
				CLANG_WARN_DOCUMENTATION_COMMENTS = YES;
				CLANG_WARN_EMPTY_BODY = YES;
				CLANG_WARN_ENUM_CONVERSION = YES;
				CLANG_WARN_INFINITE_RECURSION = YES;
				CLANG_WARN_INT_CONVERSION = YES;
				CLANG_WARN_NON_LITERAL_NULL_CONVERSION = YES;
				CLANG_WARN_OBJC_IMPLICIT_RETAIN_SELF = YES;
				CLANG_WARN_OBJC_LITERAL_CONVERSION = YES;
				CLANG_WARN_OBJC_ROOT_CLASS = YES_ERROR;
				CLANG_WARN_RANGE_LOOP_ANALYSIS = YES;
				CLANG_WARN_STRICT_PROTOTYPES = YES;
				CLANG_WARN_SUSPICIOUS_MOVE = YES;
				CLANG_WARN_UNGUARDED_AVAILABILITY = YES_AGGRESSIVE;
				CLANG_WARN_UNREACHABLE_CODE = YES;
				CLANG_WARN__DUPLICATE_METHOD_MATCH = YES;
				CODE_SIGN_IDENTITY = "iPhone Developer";
				COPY_PHASE_STRIP = NO;
				DEBUG_INFORMATION_FORMAT = dwarf;
				ENABLE_STRICT_OBJC_MSGSEND = YES;
				ENABLE_TESTABILITY = YES;
				GCC_C_LANGUAGE_STANDARD = gnu11;
				GCC_DYNAMIC_NO_PIC = NO;
				GCC_NO_COMMON_BLOCKS = YES;
				GCC_OPTIMIZATION_LEVEL = 0;
				GCC_PREPROCESSOR_DEFINITIONS = (
					"DEBUG=1",
					"$(inherited)",
				);
				GCC_WARN_64_TO_32_BIT_CONVERSION = YES;
				GCC_WARN_ABOUT_RETURN_TYPE = YES_ERROR;
				GCC_WARN_UNDECLARED_SELECTOR = YES;
				GCC_WARN_UNINITIALIZED_AUTOS = YES_AGGRESSIVE;
				GCC_WARN_UNUSED_FUNCTION = YES;
				GCC_WARN_UNUSED_VARIABLE = YES;
				IPHONEOS_DEPLOYMENT_TARGET = 12.0;
				MTL_ENABLE_DEBUG_INFO = INCLUDE_SOURCE;
				MTL_FAST_MATH = YES;
				ONLY_ACTIVE_ARCH = YES;
				SDKROOT = iphoneos;
				SWIFT_ACTIVE_COMPILATION_CONDITIONS = DEBUG;
				SWIFT_OPTIMIZATION_LEVEL = "-Onone";
			};
			name = Debug;
		};
		984CD2B6215B30E100D2C417 /* Release */ = {
			isa = XCBuildConfiguration;
			buildSettings = {
				ALWAYS_SEARCH_USER_PATHS = NO;
				CLANG_ANALYZER_NONNULL = YES;
				CLANG_ANALYZER_NUMBER_OBJECT_CONVERSION = YES_AGGRESSIVE;
				CLANG_CXX_LANGUAGE_STANDARD = "gnu++14";
				CLANG_CXX_LIBRARY = "libc++";
				CLANG_ENABLE_MODULES = YES;
				CLANG_ENABLE_OBJC_ARC = YES;
				CLANG_ENABLE_OBJC_WEAK = YES;
				CLANG_WARN_BLOCK_CAPTURE_AUTORELEASING = YES;
				CLANG_WARN_BOOL_CONVERSION = YES;
				CLANG_WARN_COMMA = YES;
				CLANG_WARN_CONSTANT_CONVERSION = YES;
				CLANG_WARN_DEPRECATED_OBJC_IMPLEMENTATIONS = YES;
				CLANG_WARN_DIRECT_OBJC_ISA_USAGE = YES_ERROR;
				CLANG_WARN_DOCUMENTATION_COMMENTS = YES;
				CLANG_WARN_EMPTY_BODY = YES;
				CLANG_WARN_ENUM_CONVERSION = YES;
				CLANG_WARN_INFINITE_RECURSION = YES;
				CLANG_WARN_INT_CONVERSION = YES;
				CLANG_WARN_NON_LITERAL_NULL_CONVERSION = YES;
				CLANG_WARN_OBJC_IMPLICIT_RETAIN_SELF = YES;
				CLANG_WARN_OBJC_LITERAL_CONVERSION = YES;
				CLANG_WARN_OBJC_ROOT_CLASS = YES_ERROR;
				CLANG_WARN_RANGE_LOOP_ANALYSIS = YES;
				CLANG_WARN_STRICT_PROTOTYPES = YES;
				CLANG_WARN_SUSPICIOUS_MOVE = YES;
				CLANG_WARN_UNGUARDED_AVAILABILITY = YES_AGGRESSIVE;
				CLANG_WARN_UNREACHABLE_CODE = YES;
				CLANG_WARN__DUPLICATE_METHOD_MATCH = YES;
				CODE_SIGN_IDENTITY = "iPhone Developer";
				COPY_PHASE_STRIP = NO;
				DEBUG_INFORMATION_FORMAT = "dwarf-with-dsym";
				ENABLE_NS_ASSERTIONS = NO;
				ENABLE_STRICT_OBJC_MSGSEND = YES;
				GCC_C_LANGUAGE_STANDARD = gnu11;
				GCC_NO_COMMON_BLOCKS = YES;
				GCC_WARN_64_TO_32_BIT_CONVERSION = YES;
				GCC_WARN_ABOUT_RETURN_TYPE = YES_ERROR;
				GCC_WARN_UNDECLARED_SELECTOR = YES;
				GCC_WARN_UNINITIALIZED_AUTOS = YES_AGGRESSIVE;
				GCC_WARN_UNUSED_FUNCTION = YES;
				GCC_WARN_UNUSED_VARIABLE = YES;
				IPHONEOS_DEPLOYMENT_TARGET = 12.0;
				MTL_ENABLE_DEBUG_INFO = NO;
				MTL_FAST_MATH = YES;
				SDKROOT = iphoneos;
				SWIFT_COMPILATION_MODE = wholemodule;
				SWIFT_OPTIMIZATION_LEVEL = "-O";
				VALIDATE_PRODUCT = YES;
			};
			name = Release;
		};
		984CD2B8215B30E100D2C417 /* Debug */ = {
			isa = XCBuildConfiguration;
			buildSettings = {
				ASSETCATALOG_COMPILER_APPICON_NAME = AppIcon;
				CODE_SIGN_STYLE = Automatic;
				DEVELOPMENT_TEAM = LBKLZA456E;
				FRAMEWORK_SEARCH_PATHS = (
					"$(inherited)",
					"$(PROJECT_DIR)/Carthage/Build/iOS",
				);
				INFOPLIST_FILE = Walkytalky/Info.plist;
				LD_RUNPATH_SEARCH_PATHS = (
					"$(inherited)",
					"@executable_path/Frameworks",
				);
				PRODUCT_BUNDLE_IDENTIFIER = sutie.Walkytalky;
				PRODUCT_NAME = "$(TARGET_NAME)";
				SWIFT_VERSION = 4.2;
				TARGETED_DEVICE_FAMILY = "1,2";
			};
			name = Debug;
		};
		984CD2B9215B30E100D2C417 /* Release */ = {
			isa = XCBuildConfiguration;
			buildSettings = {
				ASSETCATALOG_COMPILER_APPICON_NAME = AppIcon;
				CODE_SIGN_STYLE = Automatic;
				DEVELOPMENT_TEAM = LBKLZA456E;
				FRAMEWORK_SEARCH_PATHS = (
					"$(inherited)",
					"$(PROJECT_DIR)/Carthage/Build/iOS",
				);
				INFOPLIST_FILE = Walkytalky/Info.plist;
				LD_RUNPATH_SEARCH_PATHS = (
					"$(inherited)",
					"@executable_path/Frameworks",
				);
				PRODUCT_BUNDLE_IDENTIFIER = sutie.Walkytalky;
				PRODUCT_NAME = "$(TARGET_NAME)";
				SWIFT_VERSION = 4.2;
				TARGETED_DEVICE_FAMILY = "1,2";
			};
			name = Release;
		};
/* End XCBuildConfiguration section */

/* Begin XCConfigurationList section */
		984CD2A0215B30E000D2C417 /* Build configuration list for PBXProject "Walkytalky" */ = {
			isa = XCConfigurationList;
			buildConfigurations = (
				984CD2B5215B30E100D2C417 /* Debug */,
				984CD2B6215B30E100D2C417 /* Release */,
			);
			defaultConfigurationIsVisible = 0;
			defaultConfigurationName = Release;
		};
		984CD2B7215B30E100D2C417 /* Build configuration list for PBXNativeTarget "Walkytalky" */ = {
			isa = XCConfigurationList;
			buildConfigurations = (
				984CD2B8215B30E100D2C417 /* Debug */,
				984CD2B9215B30E100D2C417 /* Release */,
			);
			defaultConfigurationIsVisible = 0;
			defaultConfigurationName = Release;
		};
/* End XCConfigurationList section */
	};
	rootObject = 984CD29D215B30E000D2C417 /* Project object */;
}
